
Microsoft Visual Studio Solution File, Format Version 12.00
# Visual Studio Version 16
VisualStudioVersion = 16.0.28803.202
MinimumVisualStudioVersion = 10.0.40219.1
Project("{FAE04EC0-301F-11D3-BF4B-00C04F79EFBC}") = "WPF3DDemo", "WPF3DDemo\WPF3DDemo.csproj", "{0B1FDF20-2617-48F0-853F-193AA47ED86D}"
EndProject
Global
	GlobalSection(SolutionConfigurationPlatforms) = preSolution
		Debug|Any CPU = Debug|Any CPU
		Release|Any CPU = Release|Any CPU
	EndGlobalSection
	GlobalSection(ProjectConfigurationPlatforms) = postSolution
		{0B1FDF20-2617-48F0-853F-193AA47ED86D}.Debug|Any CPU.ActiveCfg = Debug|Any CPU
		{0B1FDF20-2617-48F0-853F-193AA47ED86D}.Debug|Any CPU.Build.0 = Debug|Any CPU
		{0B1FDF20-2617-48F0-853F-193AA47ED86D}.Release|Any CPU.ActiveCfg = Release|Any CPU
		{0B1FDF20-2617-48F0-853F-193AA47ED86D}.Release|Any CPU.Build.0 = Release|Any CPU
	EndGlobalSection
	GlobalSection(SolutionProperties) = preSolution
		HideSolutionNode = FALSE
	EndGlobalSection
	GlobalSection(ExtensibilityGlobals) = postSolution
		SolutionGuid = {F38786AA-A8DF-4C61-B8EE-1D4D78B82BEE}
	EndGlobalSection
EndGlobal
